{
  "name": "@fjordcleanup/trash-proto",
  "version": "0.0.0-development",
  "lockfileVersion": 3,
  "requires": true,
  "packages": {
    "": {
      "name": "@fjordcleanup/trash-proto",
      "version": "0.0.0-development",
      "license": "MIT",
      "devDependencies": {
        "@bifravst/prettier-config": "1.1.12",
        "@types/node": "24.2.1",
        "prettier": "3.6.2"
      },
      "peerDependencies": {
        "@coderbyheart/aws-dynamodb-es-cqrs": "^1.0.2",
        "@sinclair/typebox": "^0.34.38",
        "ulidx": "^2.4.1"
      }
    },
    "node_modules/@bifravst/from-env": {
      "version": "3.0.2",
      "resolved": "https://registry.npmjs.org/@bifravst/from-env/-/from-env-3.0.2.tgz",
      "integrity": "sha512-Lp8HjsT/g7xVCr0th7gn+8wACKCThu4ok3nDoOzuB3rjLmmk1i7j1vl5S35YvZ5IDg5KMgGWLTSlPTbgf0GiSw==",
      "license": "BSD-3-Clause",
      "peer": true,
      "engines": {
        "node": ">=20",
        "npm": ">=10"
      }
    },
    "node_modules/@bifravst/prettier-config": {
      "version": "1.1.12",
      "resolved": "https://registry.npmjs.org/@bifravst/prettier-config/-/prettier-config-1.1.12.tgz",
      "integrity": "sha512-bZMYnjp0Beeh8aZhDH90/24OID1YlaXgn+OF65vs4i1w+53V9uvnJIWS150088rhwxBc4o+I2+88kajQbvZ9Jw==",
      "dev": true,
      "license": "BSD-3-Clause",
      "dependencies": {
        "prettier": "3.6.2",
        "prettier-plugin-organize-imports": "4.2.0"
      },
      "engines": {
        "node": ">=22",
        "npm": ">=10"
      }
    },
    "node_modules/@coderbyheart/aws-dynamodb-es-cqrs": {
      "version": "1.0.2",
      "resolved": "https://registry.npmjs.org/@coderbyheart/aws-dynamodb-es-cqrs/-/aws-dynamodb-es-cqrs-1.0.2.tgz",
      "integrity": "sha512-X331rmxoQjraeT86a8bSOgGycdapfJq52zXmZA8geiU56rym/hnYFTykdbKqDARdL7/IzY3FbLKkvambgcP8aA==",
      "license": "MIT",
      "peer": true,
      "engines": {
        "node": ">=22.0.0",
        "npm": ">=10.0.0"
      },
      "peerDependencies": {
        "@bifravst/from-env": "3.0.2",
        "ulidx": "2.4.1"
      }
    },
    "node_modules/@sinclair/typebox": {
      "version": "0.34.38",
      "resolved": "https://registry.npmjs.org/@sinclair/typebox/-/typebox-0.34.38.tgz",
      "integrity": "sha512-HpkxMmc2XmZKhvaKIZZThlHmx1L0I/V1hWK1NubtlFnr6ZqdiOpV72TKudZUNQjZNsyDBay72qFEhEvb+bcwcA==",
      "license": "MIT",
      "peer": true
    },
    "node_modules/@types/node": {
      "version": "24.2.1",
      "resolved": "https://registry.npmjs.org/@types/node/-/node-24.2.1.tgz",
      "integrity": "sha512-DRh5K+ka5eJic8CjH7td8QpYEV6Zo10gfRkjHCO3weqZHWDtAaSTFtl4+VMqOJ4N5jcuhZ9/l+yy8rVgw7BQeQ==",
      "dev": true,
      "license": "MIT",
      "dependencies": {
        "undici-types": "~7.10.0"
      }
    },
    "node_modules/layerr": {
      "version": "3.0.0",
      "resolved": "https://registry.npmjs.org/layerr/-/layerr-3.0.0.tgz",
      "integrity": "sha512-tv754Ki2dXpPVApOrjTyRo4/QegVb9eVFq4mjqp4+NM5NaX7syQvN5BBNfV/ZpAHCEHV24XdUVrBAoka4jt3pA==",
      "license": "MIT",
      "peer": true
    },
    "node_modules/prettier": {
      "version": "3.6.2",
      "resolved": "https://registry.npmjs.org/prettier/-/prettier-3.6.2.tgz",
      "integrity": "sha512-I7AIg5boAr5R0FFtJ6rCfD+LFsWHp81dolrFD8S79U9tb8Az2nGrJncnMSnys+bpQJfRUzqs9hnA81OAA3hCuQ==",
      "dev": true,
      "license": "MIT",
      "bin": {
        "prettier": "bin/prettier.cjs"
      },
      "engines": {
        "node": ">=14"
      },
      "funding": {
        "url": "https://github.com/prettier/prettier?sponsor=1"
      }
    },
    "node_modules/prettier-plugin-organize-imports": {
      "version": "4.2.0",
      "resolved": "https://registry.npmjs.org/prettier-plugin-organize-imports/-/prettier-plugin-organize-imports-4.2.0.tgz",
      "integrity": "sha512-Zdy27UhlmyvATZi67BTnLcKTo8fm6Oik59Sz6H64PgZJVs6NJpPD1mT240mmJn62c98/QaL+r3kx9Q3gRpDajg==",
      "dev": true,
      "license": "MIT",
      "peerDependencies": {
        "prettier": ">=2.0",
        "typescript": ">=2.9",
        "vue-tsc": "^2.1.0 || 3"
      },
      "peerDependenciesMeta": {
        "vue-tsc": {
          "optional": true
        }
      }
    },
    "node_modules/typescript": {
      "version": "5.7.3",
      "resolved": "https://registry.npmjs.org/typescript/-/typescript-5.7.3.tgz",
      "integrity": "sha512-84MVSjMEHP+FQRPy3pX9sTVV/INIex71s9TL2Gm5FG/WG1SqXeKyZ0k7/blY/4FdOzI12CBy1vGc4og/eus0fw==",
      "dev": true,
      "license": "Apache-2.0",
      "peer": true,
      "bin": {
        "tsc": "bin/tsc",
        "tsserver": "bin/tsserver"
      },
      "engines": {
        "node": ">=14.17"
      }
    },
    "node_modules/ulidx": {
      "version": "2.4.1",
      "resolved": "https://registry.npmjs.org/ulidx/-/ulidx-2.4.1.tgz",
      "integrity": "sha512-xY7c8LPyzvhvew0Fn+Ek3wBC9STZAuDI/Y5andCKi9AX6/jvfaX45PhsDX8oxgPL0YFp0Jhr8qWMbS/p9375Xg==",
      "license": "MIT",
      "peer": true,
      "dependencies": {
        "layerr": "^3.0.0"
      },
      "engines": {
        "node": ">=16"
      }
    },
    "node_modules/undici-types": {
      "version": "7.10.0",
      "resolved": "https://registry.npmjs.org/undici-types/-/undici-types-7.10.0.tgz",
      "integrity": "sha512-t5Fy/nfn+14LuOc2KNYg75vZqClpAiqscVvMygNnlsHBFpSXdJaYtXMcdNLpl/Qvc3P2cB3s6lOV51nqsFq4ag==",
      "dev": true,
      "license": "MIT"
    }
  }
}
